Microsoft Visual Studio Solution File, Format Version 11.00
# Visual Studio 2008

Project("{F478086A-D2C9-124D-8666-666CC2CB2C81}") = "Da Tactics", "Assembly-CSharp.csproj", "{5B4F4B9E-2B10-815A-7EEE-2AEBE85D2DBE}"
EndProject
Global
	GlobalSection(SolutionConfigurationPlatforms) = preSolution
		Debug|Any CPU = Debug|Any CPU
		Release|Any CPU = Release|Any CPU
	EndGlobalSection
	GlobalSection(ProjectConfigurationPlatforms) = postSolution
		{5B4F4B9E-2B10-815A-7EEE-2AEBE85D2DBE}.Debug|Any CPU.ActiveCfg = Debug|Any CPU
		{5B4F4B9E-2B10-815A-7EEE-2AEBE85D2DBE}.Debug|Any CPU.Build.0 = Debug|Any CPU
		{5B4F4B9E-2B10-815A-7EEE-2AEBE85D2DBE}.Release|Any CPU.ActiveCfg = Release|Any CPU
		{5B4F4B9E-2B10-815A-7EEE-2AEBE85D2DBE}.Release|Any CPU.Build.0 = Release|Any CPU
	EndGlobalSection
	GlobalSection(SolutionProperties) = preSolution
		HideSolutionNode = FALSE
	EndGlobalSection
	GlobalSection(MonoDevelopProperties) = preSolution
		StartupItem = Assembly-CSharp.csproj
	EndGlobalSection
EndGlobal
